
Microsoft Visual Studio Solution File, Format Version 12.00
# Visual Studio Version 16
VisualStudioVersion = 16.0.31605.320
MinimumVisualStudioVersion = 10.0.40219.1
Project("{FAE04EC0-301F-11D3-BF4B-00C04F79EFBC}") = "WhatsappTopluMesaj", "WhatsappTopluMesaj.csproj", "{BFEB1D46-E4F4-4E7A-BC8D-737510CDFDA1}"
EndProject
Global
	GlobalSection(SolutionConfigurationPlatforms) = preSolution
		Debug|Any CPU = Debug|Any CPU
		Release|Any CPU = Release|Any CPU
	EndGlobalSection
	GlobalSection(ProjectConfigurationPlatforms) = postSolution
		{BFEB1D46-E4F4-4E7A-BC8D-737510CDFDA1}.Debug|Any CPU.ActiveCfg = Debug|Any CPU
		{BFEB1D46-E4F4-4E7A-BC8D-737510CDFDA1}.Debug|Any CPU.Build.0 = Debug|Any CPU
		{BFEB1D46-E4F4-4E7A-BC8D-737510CDFDA1}.Release|Any CPU.ActiveCfg = Release|Any CPU
		{BFEB1D46-E4F4-4E7A-BC8D-737510CDFDA1}.Release|Any CPU.Build.0 = Release|Any CPU
	EndGlobalSection
	GlobalSection(SolutionProperties) = preSolution
		HideSolutionNode = FALSE
	EndGlobalSection
	GlobalSection(ExtensibilityGlobals) = postSolution
		SolutionGuid = {8DDE70B0-F07D-4A00-96A6-1BE2BEC9872A}
	EndGlobalSection
EndGlobal
